// !$*UTF8*$!
{
	archiveVersion = 1;
	classes = {
	};
	objectVersion = 46;
	objects = {

/* Begin PBXBuildFile section */
		3B5E91B3148BFB880059335A /* Credits.rtf in Resources */ = {isa = PBXBuildFile; fileRef = 3B5E91A7148BFB880059335A /* Credits.rtf */; };
		3B5E91B4148BFB880059335A /* InfoPlist.strings in Resources */ = {isa = PBXBuildFile; fileRef = 3B5E91A9148BFB880059335A /* InfoPlist.strings */; };
		3B5E91B5148BFB880059335A /* MainMenu.xib in Resources */ = {isa = PBXBuildFile; fileRef = 3B5E91AB148BFB880059335A /* MainMenu.xib */; };
		3B5E91B6148BFB880059335A /* maptiler2AppDelegate.m in Sources */ = {isa = PBXBuildFile; fileRef = 3B5E91AE148BFB880059335A /* maptiler2AppDelegate.m */; };
		3B5E91B7148BFB880059335A /* main.cpp in Sources */ = {isa = PBXBuildFile; fileRef = 3B5E91AF148BFB880059335A /* main.cpp */; };
		3B5E91BE148BFBA30059335A /* SDLMain.m in Sources */ = {isa = PBXBuildFile; fileRef = 3B5E91BC148BFBA30059335A /* SDLMain.m */; };
		9C93E39613942B5A0096FAB3 /* Cocoa.framework in Frameworks */ = {isa = PBXBuildFile; fileRef = 9C93E39513942B5A0096FAB3 /* Cocoa.framework */; };
		9C93E3B313942B700096FAB3 /* SDL.framework in Frameworks */ = {isa = PBXBuildFile; fileRef = 9C93E3B213942B700096FAB3 /* SDL.framework */; };
		9C93E3BB13942F620096FAB3 /* OpenGL.framework in Frameworks */ = {isa = PBXBuildFile; fileRef = 9C93E3BA13942F620096FAB3 /* OpenGL.framework */; };
/* End PBXBuildFile section */

/* Begin PBXFileReference section */
		3B5E91A8148BFB880059335A /* en */ = {isa = PBXFileReference; lastKnownFileType = text.rtf; name = en; path = en.lproj/Credits.rtf; sourceTree = "<group>"; };
		3B5E91AA148BFB880059335A /* en */ = {isa = PBXFileReference; lastKnownFileType = text.plist.strings; name = en; path = en.lproj/InfoPlist.strings; sourceTree = "<group>"; };
		3B5E91AC148BFB880059335A /* en */ = {isa = PBXFileReference; lastKnownFileType = file.xib; name = en; path = en.lproj/MainMenu.xib; sourceTree = "<group>"; };
		3B5E91AD148BFB880059335A /* maptiler2AppDelegate.h */ = {isa = PBXFileReference; fileEncoding = 4; lineEnding = 0; path = maptiler2AppDelegate.h; sourceTree = "<group>"; xcLanguageSpecificationIdentifier = xcode.lang.objcpp; };
		3B5E91AE148BFB880059335A /* maptiler2AppDelegate.m */ = {isa = PBXFileReference; fileEncoding = 4; lastKnownFileType = sourcecode.c.objc; lineEnding = 0; path = maptiler2AppDelegate.m; sourceTree = "<group>"; xcLanguageSpecificationIdentifier = xcode.lang.objc; };
		3B5E91AF148BFB880059335A /* main.cpp */ = {isa = PBXFileReference; fileEncoding = 4; lastKnownFileType = sourcecode.cpp.cpp; lineEnding = 0; path = main.cpp; sourceTree = "<group>"; xcLanguageSpecificationIdentifier = xcode.lang.cpp; };
		3B5E91B0148BFB880059335A /* main.h */ = {isa = PBXFileReference; fileEncoding = 4; lastKnownFileType = sourcecode.c.h; lineEnding = 0; path = main.h; sourceTree = "<group>"; xcLanguageSpecificationIdentifier = xcode.lang.objcpp; };
		3B5E91B1148BFB880059335A /* maptiler2-Info.plist */ = {isa = PBXFileReference; fileEncoding = 4; lastKnownFileType = text.plist.xml; path = "maptiler2-Info.plist"; sourceTree = "<group>"; };
		3B5E91B2148BFB880059335A /* maptiler2-Prefix.pch */ = {isa = PBXFileReference; fileEncoding = 4; lastKnownFileType = sourcecode.c.h; lineEnding = 0; path = "maptiler2-Prefix.pch"; sourceTree = "<group>"; xcLanguageSpecificationIdentifier = xcode.lang.objc; };
		3B5E91BA148BFBA30059335A /* README.md */ = {isa = PBXFileReference; fileEncoding = 4; lastKnownFileType = text; path = README.md; sourceTree = SOURCE_ROOT; };
		3B5E91BB148BFBA30059335A /* SDLMain.h */ = {isa = PBXFileReference; fileEncoding = 4; lastKnownFileType = sourcecode.c.h; path = SDLMain.h; sourceTree = SOURCE_ROOT; };
		3B5E91BC148BFBA30059335A /* SDLMain.m */ = {isa = PBXFileReference; fileEncoding = 4; lastKnownFileType = sourcecode.c.objc; path = SDLMain.m; sourceTree = SOURCE_ROOT; };
		9C93E39113942B5A0096FAB3 /* maptiler2.app */ = {isa = PBXFileReference; explicitFileType = wrapper.application; includeInIndex = 0; path = maptiler2.app; sourceTree = BUILT_PRODUCTS_DIR; };
		9C93E39513942B5A0096FAB3 /* Cocoa.framework */ = {isa = PBXFileReference; lastKnownFileType = wrapper.framework; name = Cocoa.framework; path = System/Library/Frameworks/Cocoa.framework; sourceTree = SDKROOT; };
		9C93E39813942B5A0096FAB3 /* AppKit.framework */ = {isa = PBXFileReference; lastKnownFileType = wrapper.framework; name = AppKit.framework; path = System/Library/Frameworks/AppKit.framework; sourceTree = SDKROOT; };
		9C93E39913942B5A0096FAB3 /* CoreData.framework */ = {isa = PBXFileReference; lastKnownFileType = wrapper.framework; name = CoreData.framework; path = System/Library/Frameworks/CoreData.framework; sourceTree = SDKROOT; };
		9C93E39A13942B5A0096FAB3 /* Foundation.framework */ = {isa = PBXFileReference; lastKnownFileType = wrapper.framework; name = Foundation.framework; path = System/Library/Frameworks/Foundation.framework; sourceTree = SDKROOT; };
		9C93E3B213942B700096FAB3 /* SDL.framework */ = {isa = PBXFileReference; lastKnownFileType = wrapper.framework; name = SDL.framework; path = Library/Frameworks/SDL.framework; sourceTree = SDKROOT; };
		9C93E3BA13942F620096FAB3 /* OpenGL.framework */ = {isa = PBXFileReference; lastKnownFileType = wrapper.framework; name = OpenGL.framework; path = System/Library/Frameworks/OpenGL.framework; sourceTree = SDKROOT; };
/* End PBXFileReference section */

/* Begin PBXFrameworksBuildPhase section */
		9C93E38E13942B5A0096FAB3 /* Frameworks */ = {
			isa = PBXFrameworksBuildPhase;
			buildActionMask = 2147483647;
			files = (
				9C93E3BB13942F620096FAB3 /* OpenGL.framework in Frameworks */,
				9C93E3B313942B700096FAB3 /* SDL.framework in Frameworks */,
				9C93E39613942B5A0096FAB3 /* Cocoa.framework in Frameworks */,
			);
			runOnlyForDeploymentPostprocessing = 0;
		};
/* End PBXFrameworksBuildPhase section */

/* Begin PBXGroup section */
		3B5E91A6148BFB880059335A /* maptiler2 */ = {
			isa = PBXGroup;
			children = (
				3B5E91A7148BFB880059335A /* Credits.rtf */,
				3B5E91A9148BFB880059335A /* InfoPlist.strings */,
				3B5E91AB148BFB880059335A /* MainMenu.xib */,
				3B5E91AD148BFB880059335A /* maptiler2AppDelegate.h */,
				3B5E91AE148BFB880059335A /* maptiler2AppDelegate.m */,
				3B5E91AF148BFB880059335A /* main.cpp */,
				3B5E91B0148BFB880059335A /* main.h */,
				3B5E91B1148BFB880059335A /* maptiler2-Info.plist */,
				3B5E91B2148BFB880059335A /* maptiler2-Prefix.pch */,
				3B5E91BA148BFBA30059335A /* README.md */,
				3B5E91BB148BFBA30059335A /* SDLMain.h */,
				3B5E91BC148BFBA30059335A /* SDLMain.m */,
			);
			path = maptiler2;
			sourceTree = "<group>";
		};
		9C93E38613942B590096FAB3 = {
			isa = PBXGroup;
			children = (
				9C93E3BA13942F620096FAB3 /* OpenGL.framework */,
				9C93E39413942B5A0096FAB3 /* Frameworks */,
				9C93E39213942B5A0096FAB3 /* Products */,
				3B5E91A6148BFB880059335A /* maptiler2 */,
			);
			sourceTree = "<group>";
		};
		9C93E39213942B5A0096FAB3 /* Products */ = {
			isa = PBXGroup;
			children = (
				9C93E39113942B5A0096FAB3 /* maptiler2.app */,
			);
			name = Products;
			sourceTree = "<group>";
		};
		9C93E39413942B5A0096FAB3 /* Frameworks */ = {
			isa = PBXGroup;
			children = (
				9C93E3B213942B700096FAB3 /* SDL.framework */,
				9C93E39513942B5A0096FAB3 /* Cocoa.framework */,
				9C93E39713942B5A0096FAB3 /* Other Frameworks */,
			);
			name = Frameworks;
			sourceTree = "<group>";
		};
		9C93E39713942B5A0096FAB3 /* Other Frameworks */ = {
			isa = PBXGroup;
			children = (
				9C93E39813942B5A0096FAB3 /* AppKit.framework */,
				9C93E39913942B5A0096FAB3 /* CoreData.framework */,
				9C93E39A13942B5A0096FAB3 /* Foundation.framework */,
			);
			name = "Other Frameworks";
			sourceTree = "<group>";
		};
/* End PBXGroup section */

/* Begin PBXNativeTarget section */
		9C93E39013942B5A0096FAB3 /* maptiler2 */ = {
			isa = PBXNativeTarget;
			buildConfigurationList = 9C93E3AF13942B5A0096FAB3 /* Build configuration list for PBXNativeTarget "maptiler2" */;
			buildPhases = (
				9C93E38D13942B5A0096FAB3 /* Sources */,
				9C93E38E13942B5A0096FAB3 /* Frameworks */,
				9C93E38F13942B5A0096FAB3 /* Resources */,
			);
			buildRules = (
			);
			dependencies = (
			);
			name = maptiler2;
			productName = HelloSDL;
			productReference = 9C93E39113942B5A0096FAB3 /* maptiler2.app */;
			productType = "com.apple.product-type.application";
		};
/* End PBXNativeTarget section */

/* Begin PBXProject section */
		9C93E38813942B590096FAB3 /* Project object */ = {
			isa = PBXProject;
			attributes = {
				ORGANIZATIONNAME = Student;
			};
			buildConfigurationList = 9C93E38B13942B590096FAB3 /* Build configuration list for PBXProject "maptiler2" */;
			compatibilityVersion = "Xcode 3.2";
			developmentRegion = English;
			hasScannedForEncodings = 0;
			knownRegions = (
				en,
			);
			mainGroup = 9C93E38613942B590096FAB3;
			productRefGroup = 9C93E39213942B5A0096FAB3 /* Products */;
			projectDirPath = "";
			projectRoot = "";
			targets = (
				9C93E39013942B5A0096FAB3 /* maptiler2 */,
			);
		};
/* End PBXProject section */

/* Begin PBXResourcesBuildPhase section */
		9C93E38F13942B5A0096FAB3 /* Resources */ = {
			isa = PBXResourcesBuildPhase;
			buildActionMask = 2147483647;
			files = (
				3B5E91B3148BFB880059335A /* Credits.rtf in Resources */,
				3B5E91B4148BFB880059335A /* InfoPlist.strings in Resources */,
				3B5E91B5148BFB880059335A /* MainMenu.xib in Resources */,
			);
			runOnlyForDeploymentPostprocessing = 0;
		};
/* End PBXResourcesBuildPhase section */

/* Begin PBXSourcesBuildPhase section */
		9C93E38D13942B5A0096FAB3 /* Sources */ = {
			isa = PBXSourcesBuildPhase;
			buildActionMask = 2147483647;
			files = (
				3B5E91B6148BFB880059335A /* maptiler2AppDelegate.m in Sources */,
				3B5E91B7148BFB880059335A /* main.cpp in Sources */,
				3B5E91BE148BFBA30059335A /* SDLMain.m in Sources */,
			);
			runOnlyForDeploymentPostprocessing = 0;
		};
/* End PBXSourcesBuildPhase section */

/* Begin PBXVariantGroup section */
		3B5E91A7148BFB880059335A /* Credits.rtf */ = {
			isa = PBXVariantGroup;
			children = (
				3B5E91A8148BFB880059335A /* en */,
			);
			name = Credits.rtf;
			sourceTree = "<group>";
		};
		3B5E91A9148BFB880059335A /* InfoPlist.strings */ = {
			isa = PBXVariantGroup;
			children = (
				3B5E91AA148BFB880059335A /* en */,
			);
			name = InfoPlist.strings;
			sourceTree = "<group>";
		};
		3B5E91AB148BFB880059335A /* MainMenu.xib */ = {
			isa = PBXVariantGroup;
			children = (
				3B5E91AC148BFB880059335A /* en */,
			);
			name = MainMenu.xib;
			sourceTree = "<group>";
		};
/* End PBXVariantGroup section */

/* Begin XCBuildConfiguration section */
		9C93E3AD13942B5A0096FAB3 /* Debug */ = {
			isa = XCBuildConfiguration;
			buildSettings = {
				ARCHS = "$(ARCHS_STANDARD_32_64_BIT)";
				GCC_C_LANGUAGE_STANDARD = gnu99;
				GCC_OPTIMIZATION_LEVEL = 0;
				GCC_PREPROCESSOR_DEFINITIONS = DEBUG;
				GCC_SYMBOLS_PRIVATE_EXTERN = NO;
				GCC_VERSION = com.apple.compilers.llvm.clang.1_0;
				GCC_WARN_64_TO_32_BIT_CONVERSION = YES;
				GCC_WARN_ABOUT_RETURN_TYPE = YES;
				GCC_WARN_UNUSED_VARIABLE = YES;
				MACOSX_DEPLOYMENT_TARGET = 10.6;
				ONLY_ACTIVE_ARCH = YES;
				SDKROOT = macosx;
			};
			name = Debug;
		};
		9C93E3AE13942B5A0096FAB3 /* Release */ = {
			isa = XCBuildConfiguration;
			buildSettings = {
				ARCHS = "$(ARCHS_STANDARD_32_64_BIT)";
				GCC_C_LANGUAGE_STANDARD = gnu99;
				GCC_VERSION = com.apple.compilers.llvm.clang.1_0;
				GCC_WARN_64_TO_32_BIT_CONVERSION = YES;
				GCC_WARN_ABOUT_RETURN_TYPE = YES;
				GCC_WARN_UNUSED_VARIABLE = YES;
				MACOSX_DEPLOYMENT_TARGET = 10.6;
				SDKROOT = macosx;
			};
			name = Release;
		};
		9C93E3B013942B5A0096FAB3 /* Debug */ = {
			isa = XCBuildConfiguration;
			buildSettings = {
				ALWAYS_SEARCH_USER_PATHS = NO;
				COPY_PHASE_STRIP = NO;
				GCC_DYNAMIC_NO_PIC = NO;
				GCC_ENABLE_OBJC_EXCEPTIONS = YES;
				GCC_PRECOMPILE_PREFIX_HEADER = YES;
				GCC_PREFIX_HEADER = "maptiler2/maptiler2-Prefix.pch";
				INFOPLIST_FILE = "maptiler2/maptiler2-Info.plist";
				MACOSX_DEPLOYMENT_TARGET = 10.7;
				PRODUCT_NAME = maptiler2;
				WRAPPER_EXTENSION = app;
			};
			name = Debug;
		};
		9C93E3B113942B5A0096FAB3 /* Release */ = {
			isa = XCBuildConfiguration;
			buildSettings = {
				ALWAYS_SEARCH_USER_PATHS = NO;
				COPY_PHASE_STRIP = YES;
				DEBUG_INFORMATION_FORMAT = "dwarf-with-dsym";
				GCC_ENABLE_OBJC_EXCEPTIONS = YES;
				GCC_PRECOMPILE_PREFIX_HEADER = YES;
				GCC_PREFIX_HEADER = "maptiler2/maptiler2-Prefix.pch";
				INFOPLIST_FILE = "maptiler2/maptiler2-Info.plist";
				MACOSX_DEPLOYMENT_TARGET = 10.7;
				PRODUCT_NAME = maptiler2;
				WRAPPER_EXTENSION = app;
			};
			name = Release;
		};
/* End XCBuildConfiguration section */

/* Begin XCConfigurationList section */
		9C93E38B13942B590096FAB3 /* Build configuration list for PBXProject "maptiler2" */ = {
			isa = XCConfigurationList;
			buildConfigurations = (
				9C93E3AD13942B5A0096FAB3 /* Debug */,
				9C93E3AE13942B5A0096FAB3 /* Release */,
			);
			defaultConfigurationIsVisible = 0;
			defaultConfigurationName = Release;
		};
		9C93E3AF13942B5A0096FAB3 /* Build configuration list for PBXNativeTarget "maptiler2" */ = {
			isa = XCConfigurationList;
			buildConfigurations = (
				9C93E3B013942B5A0096FAB3 /* Debug */,
				9C93E3B113942B5A0096FAB3 /* Release */,
			);
			defaultConfigurationIsVisible = 0;
			defaultConfigurationName = Release;
		};
/* End XCConfigurationList section */
	};
	rootObject = 9C93E38813942B590096FAB3 /* Project object */;
}
